
Microsoft Visual Studio Solution File, Format Version 12.00
# Visual Studio 2012
Project("{2150E333-8FDC-42A3-9474-1A3956D46DE8}") = "01 Presentation", "01 Presentation", "{4B450B47-587D-4A24-A5C5-797916E7BF48}"
EndProject
Project("{2150E333-8FDC-42A3-9474-1A3956D46DE8}") = "02 Common", "02 Common", "{48293B5C-9D49-44B6-857E-5D2693F18ECF}"
EndProject
Project("{2150E333-8FDC-42A3-9474-1A3956D46DE8}") = "03 Business", "03 Business", "{71ED8D65-C028-4A70-8C66-A84FD100A127}"
EndProject
Project("{2150E333-8FDC-42A3-9474-1A3956D46DE8}") = "04 Data", "04 Data", "{ED7E1298-CDBB-4731-A9C2-805F6EA3F73E}"
EndProject
Project("{FAE04EC0-301F-11D3-BF4B-00C04F79EFBC}") = "ASPCS3T.Data", "ASPCS3T.Data\ASPCS3T.Data.csproj", "{D8E64867-EDBA-403F-B5FC-59D5F0D85508}"
EndProject
Project("{FAE04EC0-301F-11D3-BF4B-00C04F79EFBC}") = "ASPCS3T.Business", "ASPCS3T.Business\ASPCS3T.Business.csproj", "{D1A8510B-BBD2-4D30-9A62-4E3A43ABF32D}"
EndProject
Project("{FAE04EC0-301F-11D3-BF4B-00C04F79EFBC}") = "ASPCS3T.Common", "ASPCS3T.Common\ASPCS3T.Common.csproj", "{2740C80B-C8E8-4053-89A9-1122ED56DFE8}"
EndProject
Project("{FAE04EC0-301F-11D3-BF4B-00C04F79EFBC}") = "ASPCS3T.Web", "ASPCS3T.Web\ASPCS3T.Web.csproj", "{C9555141-3341-462D-AC8F-63D2206E1240}"
EndProject
Project("{FAE04EC0-301F-11D3-BF4B-00C04F79EFBC}") = "ASPCS3T.Data.Tests", "ASPCS3T.Data.Tests\ASPCS3T.Data.Tests.csproj", "{45E2B3F1-A865-4650-9DDE-6E0367D9B413}"
EndProject
Global
	GlobalSection(TeamFoundationVersionControl) = preSolution
		SccNumberOfProjects = 6
		SccEnterpriseProvider = {4CA58AB2-18FA-4F8D-95D4-32DDF27D184C}
		SccTeamFoundationServer = https://edsonbryan.visualstudio.com/defaultcollection
		SccLocalPath0 = .
		SccProjectUniqueName1 = ASPCS3T.Data\\ASPCS3T.Data.csproj
		SccProjectTopLevelParentUniqueName1 = AspNet_CSharp_3T.sln
		SccProjectName1 = ASPCS3T.Data
		SccLocalPath1 = ASPCS3T.Data
		SccProjectUniqueName2 = ASPCS3T.Business\\ASPCS3T.Business.csproj
		SccProjectTopLevelParentUniqueName2 = AspNet_CSharp_3T.sln
		SccProjectName2 = ASPCS3T.Business
		SccLocalPath2 = ASPCS3T.Business
		SccProjectUniqueName3 = ASPCS3T.Common\\ASPCS3T.Common.csproj
		SccProjectTopLevelParentUniqueName3 = AspNet_CSharp_3T.sln
		SccProjectName3 = ASPCS3T.Common
		SccLocalPath3 = ASPCS3T.Common
		SccProjectUniqueName4 = ASPCS3T.Web\\ASPCS3T.Web.csproj
		SccProjectTopLevelParentUniqueName4 = AspNet_CSharp_3T.sln
		SccProjectName4 = ASPCS3T.Web
		SccLocalPath4 = ASPCS3T.Web
		SccProjectUniqueName5 = ASPCS3T.Data.Tests\\ASPCS3T.Data.Tests.csproj
		SccProjectTopLevelParentUniqueName5 = AspNet_CSharp_3T.sln
		SccProjectName5 = ASPCS3T.Data.Tests
		SccLocalPath5 = ASPCS3T.Data.Tests
	EndGlobalSection
	GlobalSection(SolutionConfigurationPlatforms) = preSolution
		Debug|Any CPU = Debug|Any CPU
		Release|Any CPU = Release|Any CPU
	EndGlobalSection
	GlobalSection(ProjectConfigurationPlatforms) = postSolution
		{D8E64867-EDBA-403F-B5FC-59D5F0D85508}.Debug|Any CPU.ActiveCfg = Debug|Any CPU
		{D8E64867-EDBA-403F-B5FC-59D5F0D85508}.Debug|Any CPU.Build.0 = Debug|Any CPU
		{D8E64867-EDBA-403F-B5FC-59D5F0D85508}.Release|Any CPU.ActiveCfg = Release|Any CPU
		{D8E64867-EDBA-403F-B5FC-59D5F0D85508}.Release|Any CPU.Build.0 = Release|Any CPU
		{D1A8510B-BBD2-4D30-9A62-4E3A43ABF32D}.Debug|Any CPU.ActiveCfg = Debug|Any CPU
		{D1A8510B-BBD2-4D30-9A62-4E3A43ABF32D}.Debug|Any CPU.Build.0 = Debug|Any CPU
		{D1A8510B-BBD2-4D30-9A62-4E3A43ABF32D}.Release|Any CPU.ActiveCfg = Release|Any CPU
		{D1A8510B-BBD2-4D30-9A62-4E3A43ABF32D}.Release|Any CPU.Build.0 = Release|Any CPU
		{2740C80B-C8E8-4053-89A9-1122ED56DFE8}.Debug|Any CPU.ActiveCfg = Debug|Any CPU
		{2740C80B-C8E8-4053-89A9-1122ED56DFE8}.Debug|Any CPU.Build.0 = Debug|Any CPU
		{2740C80B-C8E8-4053-89A9-1122ED56DFE8}.Release|Any CPU.ActiveCfg = Release|Any CPU
		{2740C80B-C8E8-4053-89A9-1122ED56DFE8}.Release|Any CPU.Build.0 = Release|Any CPU
		{C9555141-3341-462D-AC8F-63D2206E1240}.Debug|Any CPU.ActiveCfg = Debug|Any CPU
		{C9555141-3341-462D-AC8F-63D2206E1240}.Debug|Any CPU.Build.0 = Debug|Any CPU
		{C9555141-3341-462D-AC8F-63D2206E1240}.Release|Any CPU.ActiveCfg = Release|Any CPU
		{C9555141-3341-462D-AC8F-63D2206E1240}.Release|Any CPU.Build.0 = Release|Any CPU
		{45E2B3F1-A865-4650-9DDE-6E0367D9B413}.Debug|Any CPU.ActiveCfg = Debug|Any CPU
		{45E2B3F1-A865-4650-9DDE-6E0367D9B413}.Debug|Any CPU.Build.0 = Debug|Any CPU
		{45E2B3F1-A865-4650-9DDE-6E0367D9B413}.Release|Any CPU.ActiveCfg = Release|Any CPU
		{45E2B3F1-A865-4650-9DDE-6E0367D9B413}.Release|Any CPU.Build.0 = Release|Any CPU
	EndGlobalSection
	GlobalSection(SolutionProperties) = preSolution
		HideSolutionNode = FALSE
	EndGlobalSection
	GlobalSection(NestedProjects) = preSolution
		{C9555141-3341-462D-AC8F-63D2206E1240} = {4B450B47-587D-4A24-A5C5-797916E7BF48}
		{2740C80B-C8E8-4053-89A9-1122ED56DFE8} = {48293B5C-9D49-44B6-857E-5D2693F18ECF}
		{D1A8510B-BBD2-4D30-9A62-4E3A43ABF32D} = {71ED8D65-C028-4A70-8C66-A84FD100A127}
		{D8E64867-EDBA-403F-B5FC-59D5F0D85508} = {ED7E1298-CDBB-4731-A9C2-805F6EA3F73E}
		{45E2B3F1-A865-4650-9DDE-6E0367D9B413} = {ED7E1298-CDBB-4731-A9C2-805F6EA3F73E}
	EndGlobalSection
EndGlobal
