
Microsoft Visual Studio Solution File, Format Version 11.00
# Visual Studio 2010
# SharpDevelop 4.2.2.8818
Project("{FAE04EC0-301F-11D3-BF4B-00C04F79EFBC}") = "ccslabsPrinterInformation", "ccslabsPrinterInformation\ccslabsPrinterInformation.csproj", "{F563607C-4CBD-4D81-9250-5D211CB2898D}"
EndProject
Project("{F184B08F-C81C-45F6-A57F-5ABD9991F28F}") = "ccslabsPrinterInformation.Converted", "ccslabsPrinterInformation.ConvertedToVBNet\ccslabsPrinterInformation.Converted.vbproj", "{942C5694-31D8-46A7-98F2-B32288C23F1C}"
EndProject
Global
	GlobalSection(SolutionConfigurationPlatforms) = preSolution
		Debug|x86 = Debug|x86
		Release|x86 = Release|x86
	EndGlobalSection
	GlobalSection(ProjectConfigurationPlatforms) = postSolution
		{F563607C-4CBD-4D81-9250-5D211CB2898D}.Debug|x86.ActiveCfg = Debug|x86
		{F563607C-4CBD-4D81-9250-5D211CB2898D}.Debug|x86.Build.0 = Debug|x86
		{F563607C-4CBD-4D81-9250-5D211CB2898D}.Release|x86.ActiveCfg = Release|x86
		{F563607C-4CBD-4D81-9250-5D211CB2898D}.Release|x86.Build.0 = Release|x86
		{942C5694-31D8-46A7-98F2-B32288C23F1C}.Debug|x86.Build.0 = Debug|x86
		{942C5694-31D8-46A7-98F2-B32288C23F1C}.Debug|x86.ActiveCfg = Debug|x86
		{942C5694-31D8-46A7-98F2-B32288C23F1C}.Release|x86.Build.0 = Release|x86
		{942C5694-31D8-46A7-98F2-B32288C23F1C}.Release|x86.ActiveCfg = Release|x86
	EndGlobalSection
	GlobalSection(SolutionProperties) = preSolution
		HideSolutionNode = FALSE
	EndGlobalSection
EndGlobal
