
Microsoft Visual Studio Solution File, Format Version 11.00
# Visual Studio 2010
# SharpDevelop 4.2.1.8805
Project("{FAE04EC0-301F-11D3-BF4B-00C04F79EFBC}") = "ccslabsConsoleGUI", "ccslabsConsoleGUI\ccslabsConsoleGUI.csproj", "{B14F5E51-2518-40FD-AE5F-9D81CCF804CF}"
EndProject
Project("{F184B08F-C81C-45F6-A57F-5ABD9991F28F}") = "ccslabsConsoleGUI.Converted", "ccslabsConsoleGUI.ConvertedToVBNet\ccslabsConsoleGUI.Converted.vbproj", "{ECC9BF91-C653-43D2-8A32-5D1AD8CE42FD}"
EndProject
Global
	GlobalSection(SolutionConfigurationPlatforms) = preSolution
		Debug|x86 = Debug|x86
		Release|x86 = Release|x86
	EndGlobalSection
	GlobalSection(ProjectConfigurationPlatforms) = postSolution
		{B14F5E51-2518-40FD-AE5F-9D81CCF804CF}.Debug|x86.ActiveCfg = Debug|x86
		{B14F5E51-2518-40FD-AE5F-9D81CCF804CF}.Debug|x86.Build.0 = Debug|x86
		{B14F5E51-2518-40FD-AE5F-9D81CCF804CF}.Release|x86.ActiveCfg = Release|x86
		{B14F5E51-2518-40FD-AE5F-9D81CCF804CF}.Release|x86.Build.0 = Release|x86
		{ECC9BF91-C653-43D2-8A32-5D1AD8CE42FD}.Debug|x86.Build.0 = Debug|x86
		{ECC9BF91-C653-43D2-8A32-5D1AD8CE42FD}.Debug|x86.ActiveCfg = Debug|x86
		{ECC9BF91-C653-43D2-8A32-5D1AD8CE42FD}.Release|x86.Build.0 = Release|x86
		{ECC9BF91-C653-43D2-8A32-5D1AD8CE42FD}.Release|x86.ActiveCfg = Release|x86
	EndGlobalSection
	GlobalSection(SolutionProperties) = preSolution
		HideSolutionNode = FALSE
	EndGlobalSection
EndGlobal
