
Microsoft Visual Studio Solution File, Format Version 12.00
# Visual Studio 2012
Project("{FAE04EC0-301F-11D3-BF4B-00C04F79EFBC}") = "SingleDocumentSample.Wpf", "SingleDocumentSample.Wpf\SingleDocumentSample.Wpf.csproj", "{519EC8BB-273F-4B29-97BB-6AD7D847BFFD}"
EndProject
Project("{FAE04EC0-301F-11D3-BF4B-00C04F79EFBC}") = "SingleDocumentSample.WinForm", "SingleDocumentSample.WinForm\SingleDocumentSample.WinForm.csproj", "{248CFF5C-C8F5-4892-8714-9A9E7F3802B2}"
EndProject
Global
	GlobalSection(SolutionConfigurationPlatforms) = preSolution
		Debug|Any CPU = Debug|Any CPU
		Release|Any CPU = Release|Any CPU
	EndGlobalSection
	GlobalSection(ProjectConfigurationPlatforms) = postSolution
		{519EC8BB-273F-4B29-97BB-6AD7D847BFFD}.Debug|Any CPU.ActiveCfg = Debug|Any CPU
		{519EC8BB-273F-4B29-97BB-6AD7D847BFFD}.Debug|Any CPU.Build.0 = Debug|Any CPU
		{519EC8BB-273F-4B29-97BB-6AD7D847BFFD}.Release|Any CPU.ActiveCfg = Release|Any CPU
		{519EC8BB-273F-4B29-97BB-6AD7D847BFFD}.Release|Any CPU.Build.0 = Release|Any CPU
		{248CFF5C-C8F5-4892-8714-9A9E7F3802B2}.Debug|Any CPU.ActiveCfg = Debug|Any CPU
		{248CFF5C-C8F5-4892-8714-9A9E7F3802B2}.Debug|Any CPU.Build.0 = Debug|Any CPU
		{248CFF5C-C8F5-4892-8714-9A9E7F3802B2}.Release|Any CPU.ActiveCfg = Release|Any CPU
		{248CFF5C-C8F5-4892-8714-9A9E7F3802B2}.Release|Any CPU.Build.0 = Release|Any CPU
	EndGlobalSection
	GlobalSection(SolutionProperties) = preSolution
		HideSolutionNode = FALSE
	EndGlobalSection
EndGlobal
